
Microsoft Visual Studio Solution File, Format Version 12.00
# Visual Studio Version 17
VisualStudioVersion = 17.11.35222.181
MinimumVisualStudioVersion = 10.0.40219.1
Project("{FAE04EC0-301F-11D3-BF4B-00C04F79EFBC}") = "EmployeesCh12", "EmployeesCh12.csproj", "{92BD3399-2CB6-48E9-9234-95FD694A5F66}"
EndProject
Global
	GlobalSection(SolutionConfigurationPlatforms) = preSolution
		Debug|Any CPU = Debug|Any CPU
		Release|Any CPU = Release|Any CPU
	EndGlobalSection
	GlobalSection(ProjectConfigurationPlatforms) = postSolution
		{92BD3399-2CB6-48E9-9234-95FD694A5F66}.Debug|Any CPU.ActiveCfg = Debug|Any CPU
		{92BD3399-2CB6-48E9-9234-95FD694A5F66}.Debug|Any CPU.Build.0 = Debug|Any CPU
		{92BD3399-2CB6-48E9-9234-95FD694A5F66}.Release|Any CPU.ActiveCfg = Release|Any CPU
		{92BD3399-2CB6-48E9-9234-95FD694A5F66}.Release|Any CPU.Build.0 = Release|Any CPU
	EndGlobalSection
	GlobalSection(SolutionProperties) = preSolution
		HideSolutionNode = FALSE
	EndGlobalSection
	GlobalSection(ExtensibilityGlobals) = postSolution
		SolutionGuid = {6D32283C-BE92-4D36-8F1E-18B30248DED2}
	EndGlobalSection
EndGlobal
